// !$*UTF8*$!
{
	archiveVersion = 1;
	classes = {
	};
	objectVersion = 50;
	objects = {

/* Begin PBXBuildFile section */
		9925877023195CD700EC141C /* AppDelegate.swift in Sources */ = {isa = PBXBuildFile; fileRef = 9925876F23195CD700EC141C /* AppDelegate.swift */; };
		9925877223195CD700EC141C /* ViewController.swift in Sources */ = {isa = PBXBuildFile; fileRef = 9925877123195CD700EC141C /* ViewController.swift */; };
		9925877523195CD700EC141C /* Main.storyboard in Resources */ = {isa = PBXBuildFile; fileRef = 9925877323195CD700EC141C /* Main.storyboard */; };
		9925877823195CD700EC141C /* Shinchan_Catch_Me_If_You_Can.xcdatamodeld in Sources */ = {isa = PBXBuildFile; fileRef = 9925877623195CD700EC141C /* Shinchan_Catch_Me_If_You_Can.xcdatamodeld */; };
		9925877A23195CD800EC141C /* Assets.xcassets in Resources */ = {isa = PBXBuildFile; fileRef = 9925877923195CD800EC141C /* Assets.xcassets */; };
		9925877D23195CD800EC141C /* LaunchScreen.storyboard in Resources */ = {isa = PBXBuildFile; fileRef = 9925877B23195CD800EC141C /* LaunchScreen.storyboard */; };
		99258785231A2EAD00EC141C /* shinchan.png in Resources */ = {isa = PBXBuildFile; fileRef = 99258784231A2EAD00EC141C /* shinchan.png */; };
		99258787231A2F7E00EC141C /* catchmeifyoucan.png in Resources */ = {isa = PBXBuildFile; fileRef = 99258786231A2F7E00EC141C /* catchmeifyoucan.png */; };
		99258789231A37A800EC141C /* LevelOneVC.swift in Sources */ = {isa = PBXBuildFile; fileRef = 99258788231A37A800EC141C /* LevelOneVC.swift */; };
		9925878B231A9A7F00EC141C /* himawari.png in Resources */ = {isa = PBXBuildFile; fileRef = 9925878A231A9A7E00EC141C /* himawari.png */; };
		99D6E0DF231ABF0000054606 /* LevelTwoVC.swift in Sources */ = {isa = PBXBuildFile; fileRef = 99D6E0DE231ABF0000054606 /* LevelTwoVC.swift */; };
		99D6E0E1231B838D00054606 /* LevelThreeVC.swift in Sources */ = {isa = PBXBuildFile; fileRef = 99D6E0E0231B838D00054606 /* LevelThreeVC.swift */; };
		99D6E0E3231B852300054606 /* shiro.png in Resources */ = {isa = PBXBuildFile; fileRef = 99D6E0E2231B852300054606 /* shiro.png */; };
		99E0F0A5231D039B0065DEE0 /* LevelFourVC.swift in Sources */ = {isa = PBXBuildFile; fileRef = 99E0F0A4231D039B0065DEE0 /* LevelFourVC.swift */; };
		99E931D1231CBA7B00CBC2A9 /* mitsi.png in Resources */ = {isa = PBXBuildFile; fileRef = 99E931CE231CBA7800CBC2A9 /* mitsi.png */; };
		99E931D2231CBA7B00CBC2A9 /* harry2.png in Resources */ = {isa = PBXBuildFile; fileRef = 99E931CF231CBA7A00CBC2A9 /* harry2.png */; };
		99E931D3231CBA7B00CBC2A9 /* shinchan2.png in Resources */ = {isa = PBXBuildFile; fileRef = 99E931D0231CBA7B00CBC2A9 /* shinchan2.png */; };
/* End PBXBuildFile section */

/* Begin PBXFileReference section */
		9925876C23195CD700EC141C /* Shinchan Catch Me If You Can.app */ = {isa = PBXFileReference; explicitFileType = wrapper.application; includeInIndex = 0; path = "Shinchan Catch Me If You Can.app"; sourceTree = BUILT_PRODUCTS_DIR; };
		9925876F23195CD700EC141C /* AppDelegate.swift */ = {isa = PBXFileReference; lastKnownFileType = sourcecode.swift; path = AppDelegate.swift; sourceTree = "<group>"; };
		9925877123195CD700EC141C /* ViewController.swift */ = {isa = PBXFileReference; lastKnownFileType = sourcecode.swift; path = ViewController.swift; sourceTree = "<group>"; };
		9925877423195CD700EC141C /* Base */ = {isa = PBXFileReference; lastKnownFileType = file.storyboard; name = Base; path = Base.lproj/Main.storyboard; sourceTree = "<group>"; };
		9925877723195CD700EC141C /* Shinchan_Catch_Me_If_You_Can.xcdatamodel */ = {isa = PBXFileReference; lastKnownFileType = wrapper.xcdatamodel; path = Shinchan_Catch_Me_If_You_Can.xcdatamodel; sourceTree = "<group>"; };
		9925877923195CD800EC141C /* Assets.xcassets */ = {isa = PBXFileReference; lastKnownFileType = folder.assetcatalog; path = Assets.xcassets; sourceTree = "<group>"; };
		9925877C23195CD800EC141C /* Base */ = {isa = PBXFileReference; lastKnownFileType = file.storyboard; name = Base; path = Base.lproj/LaunchScreen.storyboard; sourceTree = "<group>"; };
		9925877E23195CD800EC141C /* Info.plist */ = {isa = PBXFileReference; lastKnownFileType = text.plist.xml; path = Info.plist; sourceTree = "<group>"; };
		99258784231A2EAD00EC141C /* shinchan.png */ = {isa = PBXFileReference; lastKnownFileType = image.png; path = shinchan.png; sourceTree = "<group>"; };
		99258786231A2F7E00EC141C /* catchmeifyoucan.png */ = {isa = PBXFileReference; lastKnownFileType = image.png; path = catchmeifyoucan.png; sourceTree = "<group>"; };
		99258788231A37A800EC141C /* LevelOneVC.swift */ = {isa = PBXFileReference; lastKnownFileType = sourcecode.swift; path = LevelOneVC.swift; sourceTree = "<group>"; };
		9925878A231A9A7E00EC141C /* himawari.png */ = {isa = PBXFileReference; lastKnownFileType = image.png; path = himawari.png; sourceTree = "<group>"; };
		99D6E0DE231ABF0000054606 /* LevelTwoVC.swift */ = {isa = PBXFileReference; lastKnownFileType = sourcecode.swift; path = LevelTwoVC.swift; sourceTree = "<group>"; };
		99D6E0E0231B838D00054606 /* LevelThreeVC.swift */ = {isa = PBXFileReference; lastKnownFileType = sourcecode.swift; path = LevelThreeVC.swift; sourceTree = "<group>"; };
		99D6E0E2231B852300054606 /* shiro.png */ = {isa = PBXFileReference; lastKnownFileType = image.png; path = shiro.png; sourceTree = "<group>"; };
		99E0F0A4231D039B0065DEE0 /* LevelFourVC.swift */ = {isa = PBXFileReference; lastKnownFileType = sourcecode.swift; path = LevelFourVC.swift; sourceTree = "<group>"; };
		99E931CE231CBA7800CBC2A9 /* mitsi.png */ = {isa = PBXFileReference; lastKnownFileType = image.png; path = mitsi.png; sourceTree = "<group>"; };
		99E931CF231CBA7A00CBC2A9 /* harry2.png */ = {isa = PBXFileReference; lastKnownFileType = image.png; path = harry2.png; sourceTree = "<group>"; };
		99E931D0231CBA7B00CBC2A9 /* shinchan2.png */ = {isa = PBXFileReference; lastKnownFileType = image.png; path = shinchan2.png; sourceTree = "<group>"; };
/* End PBXFileReference section */

/* Begin PBXFrameworksBuildPhase section */
		9925876923195CD700EC141C /* Frameworks */ = {
			isa = PBXFrameworksBuildPhase;
			buildActionMask = 2147483647;
			files = (
			);
			runOnlyForDeploymentPostprocessing = 0;
		};
/* End PBXFrameworksBuildPhase section */

/* Begin PBXGroup section */
		9925876323195CD700EC141C = {
			isa = PBXGroup;
			children = (
				9925876E23195CD700EC141C /* Shinchan Catch Me If You Can */,
				9925876D23195CD700EC141C /* Products */,
			);
			sourceTree = "<group>";
		};
		9925876D23195CD700EC141C /* Products */ = {
			isa = PBXGroup;
			children = (
				9925876C23195CD700EC141C /* Shinchan Catch Me If You Can.app */,
			);
			name = Products;
			sourceTree = "<group>";
		};
		9925876E23195CD700EC141C /* Shinchan Catch Me If You Can */ = {
			isa = PBXGroup;
			children = (
				99258786231A2F7E00EC141C /* catchmeifyoucan.png */,
				99258784231A2EAD00EC141C /* shinchan.png */,
				9925878A231A9A7E00EC141C /* himawari.png */,
				99D6E0E2231B852300054606 /* shiro.png */,
				99E931CF231CBA7A00CBC2A9 /* harry2.png */,
				99E931CE231CBA7800CBC2A9 /* mitsi.png */,
				99E931D0231CBA7B00CBC2A9 /* shinchan2.png */,
				9925876F23195CD700EC141C /* AppDelegate.swift */,
				9925877123195CD700EC141C /* ViewController.swift */,
				9925877323195CD700EC141C /* Main.storyboard */,
				99E0F0A4231D039B0065DEE0 /* LevelFourVC.swift */,
				99D6E0E0231B838D00054606 /* LevelThreeVC.swift */,
				99D6E0DE231ABF0000054606 /* LevelTwoVC.swift */,
				99258788231A37A800EC141C /* LevelOneVC.swift */,
				9925877923195CD800EC141C /* Assets.xcassets */,
				9925877B23195CD800EC141C /* LaunchScreen.storyboard */,
				9925877E23195CD800EC141C /* Info.plist */,
				9925877623195CD700EC141C /* Shinchan_Catch_Me_If_You_Can.xcdatamodeld */,
			);
			path = "Shinchan Catch Me If You Can";
			sourceTree = "<group>";
		};
/* End PBXGroup section */

/* Begin PBXNativeTarget section */
		9925876B23195CD700EC141C /* Shinchan Catch Me If You Can */ = {
			isa = PBXNativeTarget;
			buildConfigurationList = 9925878123195CD800EC141C /* Build configuration list for PBXNativeTarget "Shinchan Catch Me If You Can" */;
			buildPhases = (
				9925876823195CD700EC141C /* Sources */,
				9925876923195CD700EC141C /* Frameworks */,
				9925876A23195CD700EC141C /* Resources */,
			);
			buildRules = (
			);
			dependencies = (
			);
			name = "Shinchan Catch Me If You Can";
			productName = "Shinchan Catch Me If You Can";
			productReference = 9925876C23195CD700EC141C /* Shinchan Catch Me If You Can.app */;
			productType = "com.apple.product-type.application";
		};
/* End PBXNativeTarget section */

/* Begin PBXProject section */
		9925876423195CD700EC141C /* Project object */ = {
			isa = PBXProject;
			attributes = {
				LastSwiftUpdateCheck = 1010;
				LastUpgradeCheck = 1010;
				ORGANIZATIONNAME = "Urantia Tech";
				TargetAttributes = {
					9925876B23195CD700EC141C = {
						CreatedOnToolsVersion = 10.1;
					};
				};
			};
			buildConfigurationList = 9925876723195CD700EC141C /* Build configuration list for PBXProject "Shinchan Catch Me If You Can" */;
			compatibilityVersion = "Xcode 9.3";
			developmentRegion = en;
			hasScannedForEncodings = 0;
			knownRegions = (
				en,
				Base,
			);
			mainGroup = 9925876323195CD700EC141C;
			productRefGroup = 9925876D23195CD700EC141C /* Products */;
			projectDirPath = "";
			projectRoot = "";
			targets = (
				9925876B23195CD700EC141C /* Shinchan Catch Me If You Can */,
			);
		};
/* End PBXProject section */

/* Begin PBXResourcesBuildPhase section */
		9925876A23195CD700EC141C /* Resources */ = {
			isa = PBXResourcesBuildPhase;
			buildActionMask = 2147483647;
			files = (
				9925877D23195CD800EC141C /* LaunchScreen.storyboard in Resources */,
				9925878B231A9A7F00EC141C /* himawari.png in Resources */,
				99E931D3231CBA7B00CBC2A9 /* shinchan2.png in Resources */,
				99E931D1231CBA7B00CBC2A9 /* mitsi.png in Resources */,
				9925877A23195CD800EC141C /* Assets.xcassets in Resources */,
				99E931D2231CBA7B00CBC2A9 /* harry2.png in Resources */,
				9925877523195CD700EC141C /* Main.storyboard in Resources */,
				99258785231A2EAD00EC141C /* shinchan.png in Resources */,
				99258787231A2F7E00EC141C /* catchmeifyoucan.png in Resources */,
				99D6E0E3231B852300054606 /* shiro.png in Resources */,
			);
			runOnlyForDeploymentPostprocessing = 0;
		};
/* End PBXResourcesBuildPhase section */

/* Begin PBXSourcesBuildPhase section */
		9925876823195CD700EC141C /* Sources */ = {
			isa = PBXSourcesBuildPhase;
			buildActionMask = 2147483647;
			files = (
				99D6E0E1231B838D00054606 /* LevelThreeVC.swift in Sources */,
				9925877823195CD700EC141C /* Shinchan_Catch_Me_If_You_Can.xcdatamodeld in Sources */,
				9925877223195CD700EC141C /* ViewController.swift in Sources */,
				99D6E0DF231ABF0000054606 /* LevelTwoVC.swift in Sources */,
				99E0F0A5231D039B0065DEE0 /* LevelFourVC.swift in Sources */,
				99258789231A37A800EC141C /* LevelOneVC.swift in Sources */,
				9925877023195CD700EC141C /* AppDelegate.swift in Sources */,
			);
			runOnlyForDeploymentPostprocessing = 0;
		};
/* End PBXSourcesBuildPhase section */

/* Begin PBXVariantGroup section */
		9925877323195CD700EC141C /* Main.storyboard */ = {
			isa = PBXVariantGroup;
			children = (
				9925877423195CD700EC141C /* Base */,
			);
			name = Main.storyboard;
			sourceTree = "<group>";
		};
		9925877B23195CD800EC141C /* LaunchScreen.storyboard */ = {
			isa = PBXVariantGroup;
			children = (
				9925877C23195CD800EC141C /* Base */,
			);
			name = LaunchScreen.storyboard;
			sourceTree = "<group>";
		};
/* End PBXVariantGroup section */

/* Begin XCBuildConfiguration section */
		9925877F23195CD800EC141C /* Debug */ = {
			isa = XCBuildConfiguration;
			buildSettings = {
				ALWAYS_SEARCH_USER_PATHS = NO;
				CLANG_ANALYZER_NONNULL = YES;
				CLANG_ANALYZER_NUMBER_OBJECT_CONVERSION = YES_AGGRESSIVE;
				CLANG_CXX_LANGUAGE_STANDARD = "gnu++14";
				CLANG_CXX_LIBRARY = "libc++";
				CLANG_ENABLE_MODULES = YES;
				CLANG_ENABLE_OBJC_ARC = YES;
				CLANG_ENABLE_OBJC_WEAK = YES;
				CLANG_WARN_BLOCK_CAPTURE_AUTORELEASING = YES;
				CLANG_WARN_BOOL_CONVERSION = YES;
				CLANG_WARN_COMMA = YES;
				CLANG_WARN_CONSTANT_CONVERSION = YES;
				CLANG_WARN_DEPRECATED_OBJC_IMPLEMENTATIONS = YES;
				CLANG_WARN_DIRECT_OBJC_ISA_USAGE = YES_ERROR;
				CLANG_WARN_DOCUMENTATION_COMMENTS = YES;
				CLANG_WARN_EMPTY_BODY = YES;
				CLANG_WARN_ENUM_CONVERSION = YES;
				CLANG_WARN_INFINITE_RECURSION = YES;
				CLANG_WARN_INT_CONVERSION = YES;
				CLANG_WARN_NON_LITERAL_NULL_CONVERSION = YES;
				CLANG_WARN_OBJC_IMPLICIT_RETAIN_SELF = YES;
				CLANG_WARN_OBJC_LITERAL_CONVERSION = YES;
				CLANG_WARN_OBJC_ROOT_CLASS = YES_ERROR;
				CLANG_WARN_RANGE_LOOP_ANALYSIS = YES;
				CLANG_WARN_STRICT_PROTOTYPES = YES;
				CLANG_WARN_SUSPICIOUS_MOVE = YES;
				CLANG_WARN_UNGUARDED_AVAILABILITY = YES_AGGRESSIVE;
				CLANG_WARN_UNREACHABLE_CODE = YES;
				CLANG_WARN__DUPLICATE_METHOD_MATCH = YES;
				CODE_SIGN_IDENTITY = "iPhone Developer";
				COPY_PHASE_STRIP = NO;
				DEBUG_INFORMATION_FORMAT = dwarf;
				ENABLE_STRICT_OBJC_MSGSEND = YES;
				ENABLE_TESTABILITY = YES;
				GCC_C_LANGUAGE_STANDARD = gnu11;
				GCC_DYNAMIC_NO_PIC = NO;
				GCC_NO_COMMON_BLOCKS = YES;
				GCC_OPTIMIZATION_LEVEL = 0;
				GCC_PREPROCESSOR_DEFINITIONS = (
					"DEBUG=1",
					"$(inherited)",
				);
				GCC_WARN_64_TO_32_BIT_CONVERSION = YES;
				GCC_WARN_ABOUT_RETURN_TYPE = YES_ERROR;
				GCC_WARN_UNDECLARED_SELECTOR = YES;
				GCC_WARN_UNINITIALIZED_AUTOS = YES_AGGRESSIVE;
				GCC_WARN_UNUSED_FUNCTION = YES;
				GCC_WARN_UNUSED_VARIABLE = YES;
				IPHONEOS_DEPLOYMENT_TARGET = 12.1;
				MTL_ENABLE_DEBUG_INFO = INCLUDE_SOURCE;
				MTL_FAST_MATH = YES;
				ONLY_ACTIVE_ARCH = YES;
				SDKROOT = iphoneos;
				SWIFT_ACTIVE_COMPILATION_CONDITIONS = DEBUG;
				SWIFT_OPTIMIZATION_LEVEL = "-Onone";
			};
			name = Debug;
		};
		9925878023195CD800EC141C /* Release */ = {
			isa = XCBuildConfiguration;
			buildSettings = {
				ALWAYS_SEARCH_USER_PATHS = NO;
				CLANG_ANALYZER_NONNULL = YES;
				CLANG_ANALYZER_NUMBER_OBJECT_CONVERSION = YES_AGGRESSIVE;
				CLANG_CXX_LANGUAGE_STANDARD = "gnu++14";
				CLANG_CXX_LIBRARY = "libc++";
				CLANG_ENABLE_MODULES = YES;
				CLANG_ENABLE_OBJC_ARC = YES;
				CLANG_ENABLE_OBJC_WEAK = YES;
				CLANG_WARN_BLOCK_CAPTURE_AUTORELEASING = YES;
				CLANG_WARN_BOOL_CONVERSION = YES;
				CLANG_WARN_COMMA = YES;
				CLANG_WARN_CONSTANT_CONVERSION = YES;
				CLANG_WARN_DEPRECATED_OBJC_IMPLEMENTATIONS = YES;
				CLANG_WARN_DIRECT_OBJC_ISA_USAGE = YES_ERROR;
				CLANG_WARN_DOCUMENTATION_COMMENTS = YES;
				CLANG_WARN_EMPTY_BODY = YES;
				CLANG_WARN_ENUM_CONVERSION = YES;
				CLANG_WARN_INFINITE_RECURSION = YES;
				CLANG_WARN_INT_CONVERSION = YES;
				CLANG_WARN_NON_LITERAL_NULL_CONVERSION = YES;
				CLANG_WARN_OBJC_IMPLICIT_RETAIN_SELF = YES;
				CLANG_WARN_OBJC_LITERAL_CONVERSION = YES;
				CLANG_WARN_OBJC_ROOT_CLASS = YES_ERROR;
				CLANG_WARN_RANGE_LOOP_ANALYSIS = YES;
				CLANG_WARN_STRICT_PROTOTYPES = YES;
				CLANG_WARN_SUSPICIOUS_MOVE = YES;
				CLANG_WARN_UNGUARDED_AVAILABILITY = YES_AGGRESSIVE;
				CLANG_WARN_UNREACHABLE_CODE = YES;
				CLANG_WARN__DUPLICATE_METHOD_MATCH = YES;
				CODE_SIGN_IDENTITY = "iPhone Developer";
				COPY_PHASE_STRIP = NO;
				DEBUG_INFORMATION_FORMAT = "dwarf-with-dsym";
				ENABLE_NS_ASSERTIONS = NO;
				ENABLE_STRICT_OBJC_MSGSEND = YES;
				GCC_C_LANGUAGE_STANDARD = gnu11;
				GCC_NO_COMMON_BLOCKS = YES;
				GCC_WARN_64_TO_32_BIT_CONVERSION = YES;
				GCC_WARN_ABOUT_RETURN_TYPE = YES_ERROR;
				GCC_WARN_UNDECLARED_SELECTOR = YES;
				GCC_WARN_UNINITIALIZED_AUTOS = YES_AGGRESSIVE;
				GCC_WARN_UNUSED_FUNCTION = YES;
				GCC_WARN_UNUSED_VARIABLE = YES;
				IPHONEOS_DEPLOYMENT_TARGET = 12.1;
				MTL_ENABLE_DEBUG_INFO = NO;
				MTL_FAST_MATH = YES;
				SDKROOT = iphoneos;
				SWIFT_COMPILATION_MODE = wholemodule;
				SWIFT_OPTIMIZATION_LEVEL = "-O";
				VALIDATE_PRODUCT = YES;
			};
			name = Release;
		};
		9925878223195CD800EC141C /* Debug */ = {
			isa = XCBuildConfiguration;
			buildSettings = {
				ASSETCATALOG_COMPILER_APPICON_NAME = AppIcon;
				CODE_SIGN_STYLE = Automatic;
				DEVELOPMENT_TEAM = 5V7FY2787W;
				INFOPLIST_FILE = "Shinchan Catch Me If You Can/Info.plist";
				LD_RUNPATH_SEARCH_PATHS = (
					"$(inherited)",
					"@executable_path/Frameworks",
				);
				PRODUCT_BUNDLE_IDENTIFIER = "com.urantiatech.Shinchan-Catch-Me-If-You-Can";
				PRODUCT_NAME = "$(TARGET_NAME)";
				SWIFT_VERSION = 4.2;
				TARGETED_DEVICE_FAMILY = "1,2";
			};
			name = Debug;
		};
		9925878323195CD800EC141C /* Release */ = {
			isa = XCBuildConfiguration;
			buildSettings = {
				ASSETCATALOG_COMPILER_APPICON_NAME = AppIcon;
				CODE_SIGN_STYLE = Automatic;
				DEVELOPMENT_TEAM = 5V7FY2787W;
				INFOPLIST_FILE = "Shinchan Catch Me If You Can/Info.plist";
				LD_RUNPATH_SEARCH_PATHS = (
					"$(inherited)",
					"@executable_path/Frameworks",
				);
				PRODUCT_BUNDLE_IDENTIFIER = "com.urantiatech.Shinchan-Catch-Me-If-You-Can";
				PRODUCT_NAME = "$(TARGET_NAME)";
				SWIFT_VERSION = 4.2;
				TARGETED_DEVICE_FAMILY = "1,2";
			};
			name = Release;
		};
/* End XCBuildConfiguration section */

/* Begin XCConfigurationList section */
		9925876723195CD700EC141C /* Build configuration list for PBXProject "Shinchan Catch Me If You Can" */ = {
			isa = XCConfigurationList;
			buildConfigurations = (
				9925877F23195CD800EC141C /* Debug */,
				9925878023195CD800EC141C /* Release */,
			);
			defaultConfigurationIsVisible = 0;
			defaultConfigurationName = Release;
		};
		9925878123195CD800EC141C /* Build configuration list for PBXNativeTarget "Shinchan Catch Me If You Can" */ = {
			isa = XCConfigurationList;
			buildConfigurations = (
				9925878223195CD800EC141C /* Debug */,
				9925878323195CD800EC141C /* Release */,
			);
			defaultConfigurationIsVisible = 0;
			defaultConfigurationName = Release;
		};
/* End XCConfigurationList section */

/* Begin XCVersionGroup section */
		9925877623195CD700EC141C /* Shinchan_Catch_Me_If_You_Can.xcdatamodeld */ = {
			isa = XCVersionGroup;
			children = (
				9925877723195CD700EC141C /* Shinchan_Catch_Me_If_You_Can.xcdatamodel */,
			);
			currentVersion = 9925877723195CD700EC141C /* Shinchan_Catch_Me_If_You_Can.xcdatamodel */;
			path = Shinchan_Catch_Me_If_You_Can.xcdatamodeld;
			sourceTree = "<group>";
			versionGroupType = wrapper.xcdatamodel;
		};
/* End XCVersionGroup section */
	};
	rootObject = 9925876423195CD700EC141C /* Project object */;
}
